{
  "lockfileVersion": 1,
  "workspaces": {
    "": {
      "name": "@portabledesktop/viewer",
      "dependencies": {
        "@novnc/novnc": "1.5.0",
      },
      "devDependencies": {
        "prettier": "^3.8.1",
        "typescript": "^5.8.2",
      },
    },
  },
  "packages": {
    "@novnc/novnc": ["@novnc/novnc@1.5.0", "", {}, "sha512-4yGHOtUCnEJUCsgEt/L78eeJu00kthurLBWXFiaXfonNx0pzbs6R/3gJb1byZe6iAE8V9MF0syQb0xIL8MSOtQ=="],

    "prettier": ["prettier@3.8.1", "", { "bin": { "prettier": "bin/prettier.cjs" } }, "sha512-UOnG6LftzbdaHZcKoPFtOcCKztrQ57WkHDeRD9t/PTQtmT0NHSeWWepj6pS0z/N7+08BHFDQVUrfmfMRcZwbMg=="],

    "typescript": ["typescript@5.9.3", "", { "bin": { "tsc": "bin/tsc", "tsserver": "bin/tsserver" } }, "sha512-jl1vZzPDinLr9eUt3J/t7V6FgNEw9QjvBPdysz9KfQDD41fQrC2Y4vKQdiaUpFT4bXlb1RHhLpp8wtm6M5TgSw=="],
  }
}
